
Microsoft Visual Studio Solution File, Format Version 12.00
# Visual Studio 15
VisualStudioVersion = 15.0.27428.2005
MinimumVisualStudioVersion = 10.0.40219.1
Project("{FAE04EC0-301F-11D3-BF4B-00C04F79EFBC}") = "Ejercicio", "Ejercicio\Ejercicio.csproj", "{EAC9CF76-2554-4F52-ABA8-8E29D0529041}"
EndProject
Global
	GlobalSection(SolutionConfigurationPlatforms) = preSolution
		Debug|Any CPU = Debug|Any CPU
		Release|Any CPU = Release|Any CPU
	EndGlobalSection
	GlobalSection(ProjectConfigurationPlatforms) = postSolution
		{EAC9CF76-2554-4F52-ABA8-8E29D0529041}.Debug|Any CPU.ActiveCfg = Debug|Any CPU
		{EAC9CF76-2554-4F52-ABA8-8E29D0529041}.Debug|Any CPU.Build.0 = Debug|Any CPU
		{EAC9CF76-2554-4F52-ABA8-8E29D0529041}.Release|Any CPU.ActiveCfg = Release|Any CPU
		{EAC9CF76-2554-4F52-ABA8-8E29D0529041}.Release|Any CPU.Build.0 = Release|Any CPU
	EndGlobalSection
	GlobalSection(SolutionProperties) = preSolution
		HideSolutionNode = FALSE
	EndGlobalSection
	GlobalSection(ExtensibilityGlobals) = postSolution
		SolutionGuid = {EB8F0CCD-A638-410F-B57F-3C3BB072A5DA}
	EndGlobalSection
EndGlobal
